
Microsoft Visual Studio Solution File, Format Version 12.00
# Visual Studio Version 17
VisualStudioVersion = 17.6.33712.159
MinimumVisualStudioVersion = 10.0.40219.1
Project("{FAE04EC0-301F-11D3-BF4B-00C04F79EFBC}") = "Crude", "Crude\Crude.csproj", "{69EDFD11-03F7-4EF0-A68B-0FBF92C3E891}"
EndProject
Global
	GlobalSection(SolutionConfigurationPlatforms) = preSolution
		Debug|Any CPU = Debug|Any CPU
		Release|Any CPU = Release|Any CPU
	EndGlobalSection
	GlobalSection(ProjectConfigurationPlatforms) = postSolution
		{69EDFD11-03F7-4EF0-A68B-0FBF92C3E891}.Debug|Any CPU.ActiveCfg = Debug|Any CPU
		{69EDFD11-03F7-4EF0-A68B-0FBF92C3E891}.Debug|Any CPU.Build.0 = Debug|Any CPU
		{69EDFD11-03F7-4EF0-A68B-0FBF92C3E891}.Release|Any CPU.ActiveCfg = Release|Any CPU
		{69EDFD11-03F7-4EF0-A68B-0FBF92C3E891}.Release|Any CPU.Build.0 = Release|Any CPU
	EndGlobalSection
	GlobalSection(SolutionProperties) = preSolution
		HideSolutionNode = FALSE
	EndGlobalSection
	GlobalSection(ExtensibilityGlobals) = postSolution
		SolutionGuid = {2B95499B-5913-4FC8-91EE-F60778B7DBBC}
	EndGlobalSection
EndGlobal
